
Microsoft Visual Studio Solution File, Format Version 12.00
# Visual Studio 2015
Project("{FAE04EC0-301F-11D3-BF4B-00C04F79EFBC}") = "ChieftainsChallenge", "ChieftainsChallenge.csproj", "{C32A8A51-0621-A12A-66F7-F2F825742820}"
EndProject
Project("{FAE04EC0-301F-11D3-BF4B-00C04F79EFBC}") = "ChieftainsChallenge.Plugins", "ChieftainsChallenge.Plugins.csproj", "{9A3C50DC-C7ED-62B4-ECEE-DA5CD116F5C6}"
EndProject
Project("{FAE04EC0-301F-11D3-BF4B-00C04F79EFBC}") = "ChieftainsChallenge.Editor", "ChieftainsChallenge.Editor.csproj", "{587A2C0F-AFEC-05F6-3FAF-190620050B5C}"
EndProject
Global
	GlobalSection(SolutionConfigurationPlatforms) = preSolution
		Debug|Any CPU = Debug|Any CPU
		Release|Any CPU = Release|Any CPU
	EndGlobalSection
	GlobalSection(ProjectConfigurationPlatforms) = postSolution
		{C32A8A51-0621-A12A-66F7-F2F825742820}.Debug|Any CPU.ActiveCfg = Debug|Any CPU
		{C32A8A51-0621-A12A-66F7-F2F825742820}.Debug|Any CPU.Build.0 = Debug|Any CPU
		{C32A8A51-0621-A12A-66F7-F2F825742820}.Release|Any CPU.ActiveCfg = Release|Any CPU
		{C32A8A51-0621-A12A-66F7-F2F825742820}.Release|Any CPU.Build.0 = Release|Any CPU
		{9A3C50DC-C7ED-62B4-ECEE-DA5CD116F5C6}.Debug|Any CPU.ActiveCfg = Debug|Any CPU
		{9A3C50DC-C7ED-62B4-ECEE-DA5CD116F5C6}.Debug|Any CPU.Build.0 = Debug|Any CPU
		{9A3C50DC-C7ED-62B4-ECEE-DA5CD116F5C6}.Release|Any CPU.ActiveCfg = Release|Any CPU
		{9A3C50DC-C7ED-62B4-ECEE-DA5CD116F5C6}.Release|Any CPU.Build.0 = Release|Any CPU
		{587A2C0F-AFEC-05F6-3FAF-190620050B5C}.Debug|Any CPU.ActiveCfg = Debug|Any CPU
		{587A2C0F-AFEC-05F6-3FAF-190620050B5C}.Debug|Any CPU.Build.0 = Debug|Any CPU
		{587A2C0F-AFEC-05F6-3FAF-190620050B5C}.Release|Any CPU.ActiveCfg = Release|Any CPU
		{587A2C0F-AFEC-05F6-3FAF-190620050B5C}.Release|Any CPU.Build.0 = Release|Any CPU
	EndGlobalSection
	GlobalSection(SolutionProperties) = preSolution
		HideSolutionNode = FALSE
	EndGlobalSection
EndGlobal
